
Microsoft Visual Studio Solution File, Format Version 12.00
# Visual Studio Version 17
VisualStudioVersion = 17.14.36804.6
MinimumVisualStudioVersion = 10.0.40219.1
Project("{FAE04EC0-301F-11D3-BF4B-00C04F79EFBC}") = "Standard_DotNet_Hello_World", "Standard_DotNet_Hello_World\Standard_DotNet_Hello_World.csproj", "{F0011C65-05E4-478D-8E17-8A44AD4BEF89}"
EndProject
Project("{FAE04EC0-301F-11D3-BF4B-00C04F79EFBC}") = "Core_DotNet_Hello_World", "Core_DotNet_Hello_World\Core_DotNet_Hello_World.csproj", "{F4BBEEB1-2689-4575-8D2E-B2C9E2708785}"
EndProject
Project("{FAE04EC0-301F-11D3-BF4B-00C04F79EFBC}") = "Demo_Basics_Datatypes", "Demo_Basics_Datatypes\Demo_Basics_Datatypes.csproj", "{766A26AA-C5BD-42A7-B911-70BFE7EAAC4C}"
EndProject
Project("{FAE04EC0-301F-11D3-BF4B-00C04F79EFBC}") = "Demo_OOP_CSharp", "Demo_OOP_CSharp\Demo_OOP_CSharp.csproj", "{A976DF53-0B34-4381-BCDB-15D89DF93E4C}"
EndProject
Project("{FAE04EC0-301F-11D3-BF4B-00C04F79EFBC}") = "Demo_Interface_CSharp", "Demo_Interface_CSharp\Demo_Interface_CSharp.csproj", "{28E5F196-F2D1-4F14-911D-8C33E7097103}"
EndProject
Project("{FAE04EC0-301F-11D3-BF4B-00C04F79EFBC}") = "00Demo_Interface", "00Demo_Interface\00Demo_Interface.csproj", "{0DB84A57-D98C-43A4-96FF-BA67ECE4EEB8}"
EndProject
Project("{FAE04EC0-301F-11D3-BF4B-00C04F79EFBC}") = "Override_Virtual_New", "Override_Virtual_New\Override_Virtual_New.csproj", "{C413B922-7EA9-4D8F-8286-9151D73D9AFB}"
EndProject
Project("{FAE04EC0-301F-11D3-BF4B-00C04F79EFBC}") = "FactoryPattern", "FactoryPattern\FactoryPattern.csproj", "{BACEF564-D9E6-4982-BBBA-9D2B3ECE5397}"
EndProject
Project("{FAE04EC0-301F-11D3-BF4B-00C04F79EFBC}") = "FactoryPattern_Abstract_Interface", "FactoryPattern_Abstract_Interface\FactoryPattern_Abstract_Interface.csproj", "{30C1B037-D058-44DE-8FA0-5463A1B6E10F}"
EndProject
Project("{FAE04EC0-301F-11D3-BF4B-00C04F79EFBC}") = "FactoryPatternPractice", "FactoryPatternPractice\FactoryPatternPractice.csproj", "{D9333199-AD94-4EB8-9F26-7E5D96690CC2}"
EndProject
Project("{FAE04EC0-301F-11D3-BF4B-00C04F79EFBC}") = "SingletonPattern", "SingletonPattern\SingletonPattern.csproj", "{037DBC90-1B39-415E-B04B-A64FD8EC75F9}"
EndProject
Project("{FAE04EC0-301F-11D3-BF4B-00C04F79EFBC}") = "Notepad_DI", "Notepad_DI\Notepad_DI.csproj", "{E6B5F8AF-567D-4A08-B594-CEECDC6B6DFA}"
EndProject
Project("{FAE04EC0-301F-11D3-BF4B-00C04F79EFBC}") = "ClassTemplateLibrary", "ClassTemplateLibrary\ClassTemplateLibrary.csproj", "{0E18D4EC-C868-4AD8-A770-6E92BF1103EA}"
EndProject
Project("{FAE04EC0-301F-11D3-BF4B-00C04F79EFBC}") = "Calculator", "Calculator\Calculator.csproj", "{0FADCB59-D016-43F0-89D9-154C3621A83D}"
EndProject
Project("{FAE04EC0-301F-11D3-BF4B-00C04F79EFBC}") = "AnnualEvent", "AnnualEvent\AnnualEvent.csproj", "{40ACAB24-8664-4F3F-AFB9-FB08523D3F40}"
EndProject
Project("{FAE04EC0-301F-11D3-BF4B-00C04F79EFBC}") = "EventManagementClient", "EventManagementClient\EventManagementClient.csproj", "{CDF1F215-56E5-4E93-A336-923AEA328509}"
EndProject
Project("{FAE04EC0-301F-11D3-BF4B-00C04F79EFBC}") = "Events_And_Delegates", "Events_And_Delegates\Events_And_Delegates.csproj", "{2B65C73F-2E67-4EFB-AB86-3F26FEDC24F8}"
EndProject
Project("{FAE04EC0-301F-11D3-BF4B-00C04F79EFBC}") = "Subscriber_Publisher_Pattern", "Subscriber_Publisher_Pattern\Subscriber_Publisher_Pattern.csproj", "{44C09A9D-26E0-4B58-A4FC-5DB47BB613FF}"
EndProject
Project("{FAE04EC0-301F-11D3-BF4B-00C04F79EFBC}") = "Collections", "Collections\Collections.csproj", "{FBB9621D-F7AC-4C81-9BB5-FA62F358E77A}"
EndProject
Project("{FAE04EC0-301F-11D3-BF4B-00C04F79EFBC}") = "File_Handling", "File_Handling\File_Handling.csproj", "{566569D0-3659-47DA-99CE-3DE604B1E64B}"
EndProject
Project("{FAE04EC0-301F-11D3-BF4B-00C04F79EFBC}") = "Serialization_Deserialization", "Serialization_Deserialization\Serialization_Deserialization.csproj", "{9E98E1E1-9D60-425F-8669-872D297BB723}"
EndProject
Project("{FAE04EC0-301F-11D3-BF4B-00C04F79EFBC}") = "BinarySerilaizable", "BinarySerilaizable\BinarySerilaizable.csproj", "{6F2559FB-8F1E-4C3F-934D-9010AA132C00}"
EndProject
Project("{FAE04EC0-301F-11D3-BF4B-00C04F79EFBC}") = "Attributes_Use_In_Dot_Net", "Attributes_Use_In_Dot_Net\Attributes_Use_In_Dot_Net.csproj", "{ED12F73A-58EB-48CA-BC35-392618EABD70}"
EndProject
Project("{FAE04EC0-301F-11D3-BF4B-00C04F79EFBC}") = "Attribute_Reflection_Serialization_Deserialization", "Attribute_Reflection_Serialization_Deserialization\Attribute_Reflection_Serialization_Deserialization.csproj", "{AEEF153A-5EF6-4A97-A744-CC759A4FF5C3}"
EndProject
Project("{FAE04EC0-301F-11D3-BF4B-00C04F79EFBC}") = "EmployeeLib", "EmployeeLib\EmployeeLib.csproj", "{CCF3C5FD-0912-40B0-ACC0-869B3525FB48}"
EndProject
Project("{FAE04EC0-301F-11D3-BF4B-00C04F79EFBC}") = "CustomAttribute", "CustomAttribute\CustomAttribute.csproj", "{FA684DAF-8C2A-4A41-9E92-DEA83174FF6F}"
EndProject
Project("{FAE04EC0-301F-11D3-BF4B-00C04F79EFBC}") = "EmployeeManagementSystem", "EmployeeManagementSystem\EmployeeManagementSystem.csproj", "{A9B16869-1FA7-4E42-A03E-AE35330C2B8F}"
EndProject
Project("{FAE04EC0-301F-11D3-BF4B-00C04F79EFBC}") = "CSharpFeatures", "CSharpFeatures\CSharpFeatures.csproj", "{C32D5EF3-1942-4D42-A1F9-6C961B8D18F4}"
EndProject
Project("{FAE04EC0-301F-11D3-BF4B-00C04F79EFBC}") = "CSharpFeaturesAdvance", "CSharpFeaturesAdvance\CSharpFeaturesAdvance.csproj", "{FD718F56-9AE0-4098-AD95-2CA5D112FD90}"
EndProject
Project("{FAE04EC0-301F-11D3-BF4B-00C04F79EFBC}") = "DatabaseConnectivityEfficiently", "DatabaseConnectivityEfficiently\DatabaseConnectivityEfficiently.csproj", "{841E1876-41CA-4E53-B686-C8EE4F96F311}"
EndProject
Project("{FAE04EC0-301F-11D3-BF4B-00C04F79EFBC}") = "UserLogin", "EmployeeLogin\UserLogin.csproj", "{AD392F78-B7D3-4CF2-9808-8922F94F5444}"
EndProject
Project("{FAE04EC0-301F-11D3-BF4B-00C04F79EFBC}") = "EmployeeProject", "EmployeeProject\EmployeeProject.csproj", "{C4804D1A-030C-4026-A57B-BF96D2A83255}"
EndProject
Project("{FAE04EC0-301F-11D3-BF4B-00C04F79EFBC}") = "EntityFramework", "EntityFramework\EntityFramework.csproj", "{F33967D0-4083-4A33-8199-0DE32E842989}"
EndProject
Global
	GlobalSection(SolutionConfigurationPlatforms) = preSolution
		Debug|Any CPU = Debug|Any CPU
		Release|Any CPU = Release|Any CPU
	EndGlobalSection
	GlobalSection(ProjectConfigurationPlatforms) = postSolution
		{F0011C65-05E4-478D-8E17-8A44AD4BEF89}.Debug|Any CPU.ActiveCfg = Debug|Any CPU
		{F0011C65-05E4-478D-8E17-8A44AD4BEF89}.Debug|Any CPU.Build.0 = Debug|Any CPU
		{F0011C65-05E4-478D-8E17-8A44AD4BEF89}.Release|Any CPU.ActiveCfg = Release|Any CPU
		{F0011C65-05E4-478D-8E17-8A44AD4BEF89}.Release|Any CPU.Build.0 = Release|Any CPU
		{F4BBEEB1-2689-4575-8D2E-B2C9E2708785}.Debug|Any CPU.ActiveCfg = Debug|Any CPU
		{F4BBEEB1-2689-4575-8D2E-B2C9E2708785}.Debug|Any CPU.Build.0 = Debug|Any CPU
		{F4BBEEB1-2689-4575-8D2E-B2C9E2708785}.Release|Any CPU.ActiveCfg = Release|Any CPU
		{F4BBEEB1-2689-4575-8D2E-B2C9E2708785}.Release|Any CPU.Build.0 = Release|Any CPU
		{766A26AA-C5BD-42A7-B911-70BFE7EAAC4C}.Debug|Any CPU.ActiveCfg = Debug|Any CPU
		{766A26AA-C5BD-42A7-B911-70BFE7EAAC4C}.Debug|Any CPU.Build.0 = Debug|Any CPU
		{766A26AA-C5BD-42A7-B911-70BFE7EAAC4C}.Release|Any CPU.ActiveCfg = Release|Any CPU
		{766A26AA-C5BD-42A7-B911-70BFE7EAAC4C}.Release|Any CPU.Build.0 = Release|Any CPU
		{A976DF53-0B34-4381-BCDB-15D89DF93E4C}.Debug|Any CPU.ActiveCfg = Debug|Any CPU
		{A976DF53-0B34-4381-BCDB-15D89DF93E4C}.Debug|Any CPU.Build.0 = Debug|Any CPU
		{A976DF53-0B34-4381-BCDB-15D89DF93E4C}.Release|Any CPU.ActiveCfg = Release|Any CPU
		{A976DF53-0B34-4381-BCDB-15D89DF93E4C}.Release|Any CPU.Build.0 = Release|Any CPU
		{28E5F196-F2D1-4F14-911D-8C33E7097103}.Debug|Any CPU.ActiveCfg = Debug|Any CPU
		{28E5F196-F2D1-4F14-911D-8C33E7097103}.Debug|Any CPU.Build.0 = Debug|Any CPU
		{28E5F196-F2D1-4F14-911D-8C33E7097103}.Release|Any CPU.ActiveCfg = Release|Any CPU
		{28E5F196-F2D1-4F14-911D-8C33E7097103}.Release|Any CPU.Build.0 = Release|Any CPU
		{0DB84A57-D98C-43A4-96FF-BA67ECE4EEB8}.Debug|Any CPU.ActiveCfg = Debug|Any CPU
		{0DB84A57-D98C-43A4-96FF-BA67ECE4EEB8}.Debug|Any CPU.Build.0 = Debug|Any CPU
		{0DB84A57-D98C-43A4-96FF-BA67ECE4EEB8}.Release|Any CPU.ActiveCfg = Release|Any CPU
		{0DB84A57-D98C-43A4-96FF-BA67ECE4EEB8}.Release|Any CPU.Build.0 = Release|Any CPU
		{C413B922-7EA9-4D8F-8286-9151D73D9AFB}.Debug|Any CPU.ActiveCfg = Debug|Any CPU
		{C413B922-7EA9-4D8F-8286-9151D73D9AFB}.Debug|Any CPU.Build.0 = Debug|Any CPU
		{C413B922-7EA9-4D8F-8286-9151D73D9AFB}.Release|Any CPU.ActiveCfg = Release|Any CPU
		{C413B922-7EA9-4D8F-8286-9151D73D9AFB}.Release|Any CPU.Build.0 = Release|Any CPU
		{BACEF564-D9E6-4982-BBBA-9D2B3ECE5397}.Debug|Any CPU.ActiveCfg = Debug|Any CPU
		{BACEF564-D9E6-4982-BBBA-9D2B3ECE5397}.Debug|Any CPU.Build.0 = Debug|Any CPU
		{BACEF564-D9E6-4982-BBBA-9D2B3ECE5397}.Release|Any CPU.ActiveCfg = Release|Any CPU
		{BACEF564-D9E6-4982-BBBA-9D2B3ECE5397}.Release|Any CPU.Build.0 = Release|Any CPU
		{30C1B037-D058-44DE-8FA0-5463A1B6E10F}.Debug|Any CPU.ActiveCfg = Debug|Any CPU
		{30C1B037-D058-44DE-8FA0-5463A1B6E10F}.Debug|Any CPU.Build.0 = Debug|Any CPU
		{30C1B037-D058-44DE-8FA0-5463A1B6E10F}.Release|Any CPU.ActiveCfg = Release|Any CPU
		{30C1B037-D058-44DE-8FA0-5463A1B6E10F}.Release|Any CPU.Build.0 = Release|Any CPU
		{D9333199-AD94-4EB8-9F26-7E5D96690CC2}.Debug|Any CPU.ActiveCfg = Debug|Any CPU
		{D9333199-AD94-4EB8-9F26-7E5D96690CC2}.Debug|Any CPU.Build.0 = Debug|Any CPU
		{D9333199-AD94-4EB8-9F26-7E5D96690CC2}.Release|Any CPU.ActiveCfg = Release|Any CPU
		{D9333199-AD94-4EB8-9F26-7E5D96690CC2}.Release|Any CPU.Build.0 = Release|Any CPU
		{037DBC90-1B39-415E-B04B-A64FD8EC75F9}.Debug|Any CPU.ActiveCfg = Debug|Any CPU
		{037DBC90-1B39-415E-B04B-A64FD8EC75F9}.Debug|Any CPU.Build.0 = Debug|Any CPU
		{037DBC90-1B39-415E-B04B-A64FD8EC75F9}.Release|Any CPU.ActiveCfg = Release|Any CPU
		{037DBC90-1B39-415E-B04B-A64FD8EC75F9}.Release|Any CPU.Build.0 = Release|Any CPU
		{E6B5F8AF-567D-4A08-B594-CEECDC6B6DFA}.Debug|Any CPU.ActiveCfg = Debug|Any CPU
		{E6B5F8AF-567D-4A08-B594-CEECDC6B6DFA}.Debug|Any CPU.Build.0 = Debug|Any CPU
		{E6B5F8AF-567D-4A08-B594-CEECDC6B6DFA}.Release|Any CPU.ActiveCfg = Release|Any CPU
		{E6B5F8AF-567D-4A08-B594-CEECDC6B6DFA}.Release|Any CPU.Build.0 = Release|Any CPU
		{0E18D4EC-C868-4AD8-A770-6E92BF1103EA}.Debug|Any CPU.ActiveCfg = Debug|Any CPU
		{0E18D4EC-C868-4AD8-A770-6E92BF1103EA}.Debug|Any CPU.Build.0 = Debug|Any CPU
		{0E18D4EC-C868-4AD8-A770-6E92BF1103EA}.Release|Any CPU.ActiveCfg = Release|Any CPU
		{0E18D4EC-C868-4AD8-A770-6E92BF1103EA}.Release|Any CPU.Build.0 = Release|Any CPU
		{0FADCB59-D016-43F0-89D9-154C3621A83D}.Debug|Any CPU.ActiveCfg = Debug|Any CPU
		{0FADCB59-D016-43F0-89D9-154C3621A83D}.Debug|Any CPU.Build.0 = Debug|Any CPU
		{0FADCB59-D016-43F0-89D9-154C3621A83D}.Release|Any CPU.ActiveCfg = Release|Any CPU
		{0FADCB59-D016-43F0-89D9-154C3621A83D}.Release|Any CPU.Build.0 = Release|Any CPU
		{40ACAB24-8664-4F3F-AFB9-FB08523D3F40}.Debug|Any CPU.ActiveCfg = Debug|Any CPU
		{40ACAB24-8664-4F3F-AFB9-FB08523D3F40}.Debug|Any CPU.Build.0 = Debug|Any CPU
		{40ACAB24-8664-4F3F-AFB9-FB08523D3F40}.Release|Any CPU.ActiveCfg = Release|Any CPU
		{40ACAB24-8664-4F3F-AFB9-FB08523D3F40}.Release|Any CPU.Build.0 = Release|Any CPU
		{CDF1F215-56E5-4E93-A336-923AEA328509}.Debug|Any CPU.ActiveCfg = Debug|Any CPU
		{CDF1F215-56E5-4E93-A336-923AEA328509}.Debug|Any CPU.Build.0 = Debug|Any CPU
		{CDF1F215-56E5-4E93-A336-923AEA328509}.Release|Any CPU.ActiveCfg = Release|Any CPU
		{CDF1F215-56E5-4E93-A336-923AEA328509}.Release|Any CPU.Build.0 = Release|Any CPU
		{2B65C73F-2E67-4EFB-AB86-3F26FEDC24F8}.Debug|Any CPU.ActiveCfg = Debug|Any CPU
		{2B65C73F-2E67-4EFB-AB86-3F26FEDC24F8}.Debug|Any CPU.Build.0 = Debug|Any CPU
		{2B65C73F-2E67-4EFB-AB86-3F26FEDC24F8}.Release|Any CPU.ActiveCfg = Release|Any CPU
		{2B65C73F-2E67-4EFB-AB86-3F26FEDC24F8}.Release|Any CPU.Build.0 = Release|Any CPU
		{44C09A9D-26E0-4B58-A4FC-5DB47BB613FF}.Debug|Any CPU.ActiveCfg = Debug|Any CPU
		{44C09A9D-26E0-4B58-A4FC-5DB47BB613FF}.Debug|Any CPU.Build.0 = Debug|Any CPU
		{44C09A9D-26E0-4B58-A4FC-5DB47BB613FF}.Release|Any CPU.ActiveCfg = Release|Any CPU
		{44C09A9D-26E0-4B58-A4FC-5DB47BB613FF}.Release|Any CPU.Build.0 = Release|Any CPU
		{FBB9621D-F7AC-4C81-9BB5-FA62F358E77A}.Debug|Any CPU.ActiveCfg = Debug|Any CPU
		{FBB9621D-F7AC-4C81-9BB5-FA62F358E77A}.Debug|Any CPU.Build.0 = Debug|Any CPU
		{FBB9621D-F7AC-4C81-9BB5-FA62F358E77A}.Release|Any CPU.ActiveCfg = Release|Any CPU
		{FBB9621D-F7AC-4C81-9BB5-FA62F358E77A}.Release|Any CPU.Build.0 = Release|Any CPU
		{566569D0-3659-47DA-99CE-3DE604B1E64B}.Debug|Any CPU.ActiveCfg = Debug|Any CPU
		{566569D0-3659-47DA-99CE-3DE604B1E64B}.Debug|Any CPU.Build.0 = Debug|Any CPU
		{566569D0-3659-47DA-99CE-3DE604B1E64B}.Release|Any CPU.ActiveCfg = Release|Any CPU
		{566569D0-3659-47DA-99CE-3DE604B1E64B}.Release|Any CPU.Build.0 = Release|Any CPU
		{9E98E1E1-9D60-425F-8669-872D297BB723}.Debug|Any CPU.ActiveCfg = Debug|Any CPU
		{9E98E1E1-9D60-425F-8669-872D297BB723}.Debug|Any CPU.Build.0 = Debug|Any CPU
		{9E98E1E1-9D60-425F-8669-872D297BB723}.Release|Any CPU.ActiveCfg = Release|Any CPU
		{9E98E1E1-9D60-425F-8669-872D297BB723}.Release|Any CPU.Build.0 = Release|Any CPU
		{6F2559FB-8F1E-4C3F-934D-9010AA132C00}.Debug|Any CPU.ActiveCfg = Debug|Any CPU
		{6F2559FB-8F1E-4C3F-934D-9010AA132C00}.Debug|Any CPU.Build.0 = Debug|Any CPU
		{6F2559FB-8F1E-4C3F-934D-9010AA132C00}.Release|Any CPU.ActiveCfg = Release|Any CPU
		{6F2559FB-8F1E-4C3F-934D-9010AA132C00}.Release|Any CPU.Build.0 = Release|Any CPU
		{ED12F73A-58EB-48CA-BC35-392618EABD70}.Debug|Any CPU.ActiveCfg = Debug|Any CPU
		{ED12F73A-58EB-48CA-BC35-392618EABD70}.Debug|Any CPU.Build.0 = Debug|Any CPU
		{ED12F73A-58EB-48CA-BC35-392618EABD70}.Release|Any CPU.ActiveCfg = Release|Any CPU
		{ED12F73A-58EB-48CA-BC35-392618EABD70}.Release|Any CPU.Build.0 = Release|Any CPU
		{AEEF153A-5EF6-4A97-A744-CC759A4FF5C3}.Debug|Any CPU.ActiveCfg = Debug|Any CPU
		{AEEF153A-5EF6-4A97-A744-CC759A4FF5C3}.Debug|Any CPU.Build.0 = Debug|Any CPU
		{AEEF153A-5EF6-4A97-A744-CC759A4FF5C3}.Release|Any CPU.ActiveCfg = Release|Any CPU
		{AEEF153A-5EF6-4A97-A744-CC759A4FF5C3}.Release|Any CPU.Build.0 = Release|Any CPU
		{CCF3C5FD-0912-40B0-ACC0-869B3525FB48}.Debug|Any CPU.ActiveCfg = Debug|Any CPU
		{CCF3C5FD-0912-40B0-ACC0-869B3525FB48}.Debug|Any CPU.Build.0 = Debug|Any CPU
		{CCF3C5FD-0912-40B0-ACC0-869B3525FB48}.Release|Any CPU.ActiveCfg = Release|Any CPU
		{CCF3C5FD-0912-40B0-ACC0-869B3525FB48}.Release|Any CPU.Build.0 = Release|Any CPU
		{FA684DAF-8C2A-4A41-9E92-DEA83174FF6F}.Debug|Any CPU.ActiveCfg = Debug|Any CPU
		{FA684DAF-8C2A-4A41-9E92-DEA83174FF6F}.Debug|Any CPU.Build.0 = Debug|Any CPU
		{FA684DAF-8C2A-4A41-9E92-DEA83174FF6F}.Release|Any CPU.ActiveCfg = Release|Any CPU
		{FA684DAF-8C2A-4A41-9E92-DEA83174FF6F}.Release|Any CPU.Build.0 = Release|Any CPU
		{A9B16869-1FA7-4E42-A03E-AE35330C2B8F}.Debug|Any CPU.ActiveCfg = Debug|Any CPU
		{A9B16869-1FA7-4E42-A03E-AE35330C2B8F}.Debug|Any CPU.Build.0 = Debug|Any CPU
		{A9B16869-1FA7-4E42-A03E-AE35330C2B8F}.Release|Any CPU.ActiveCfg = Release|Any CPU
		{A9B16869-1FA7-4E42-A03E-AE35330C2B8F}.Release|Any CPU.Build.0 = Release|Any CPU
		{C32D5EF3-1942-4D42-A1F9-6C961B8D18F4}.Debug|Any CPU.ActiveCfg = Debug|Any CPU
		{C32D5EF3-1942-4D42-A1F9-6C961B8D18F4}.Debug|Any CPU.Build.0 = Debug|Any CPU
		{C32D5EF3-1942-4D42-A1F9-6C961B8D18F4}.Release|Any CPU.ActiveCfg = Release|Any CPU
		{C32D5EF3-1942-4D42-A1F9-6C961B8D18F4}.Release|Any CPU.Build.0 = Release|Any CPU
		{FD718F56-9AE0-4098-AD95-2CA5D112FD90}.Debug|Any CPU.ActiveCfg = Debug|Any CPU
		{FD718F56-9AE0-4098-AD95-2CA5D112FD90}.Debug|Any CPU.Build.0 = Debug|Any CPU
		{FD718F56-9AE0-4098-AD95-2CA5D112FD90}.Release|Any CPU.ActiveCfg = Release|Any CPU
		{FD718F56-9AE0-4098-AD95-2CA5D112FD90}.Release|Any CPU.Build.0 = Release|Any CPU
		{841E1876-41CA-4E53-B686-C8EE4F96F311}.Debug|Any CPU.ActiveCfg = Debug|Any CPU
		{841E1876-41CA-4E53-B686-C8EE4F96F311}.Debug|Any CPU.Build.0 = Debug|Any CPU
		{841E1876-41CA-4E53-B686-C8EE4F96F311}.Release|Any CPU.ActiveCfg = Release|Any CPU
		{841E1876-41CA-4E53-B686-C8EE4F96F311}.Release|Any CPU.Build.0 = Release|Any CPU
		{AD392F78-B7D3-4CF2-9808-8922F94F5444}.Debug|Any CPU.ActiveCfg = Debug|Any CPU
		{AD392F78-B7D3-4CF2-9808-8922F94F5444}.Debug|Any CPU.Build.0 = Debug|Any CPU
		{AD392F78-B7D3-4CF2-9808-8922F94F5444}.Release|Any CPU.ActiveCfg = Release|Any CPU
		{AD392F78-B7D3-4CF2-9808-8922F94F5444}.Release|Any CPU.Build.0 = Release|Any CPU
		{C4804D1A-030C-4026-A57B-BF96D2A83255}.Debug|Any CPU.ActiveCfg = Debug|Any CPU
		{C4804D1A-030C-4026-A57B-BF96D2A83255}.Debug|Any CPU.Build.0 = Debug|Any CPU
		{C4804D1A-030C-4026-A57B-BF96D2A83255}.Release|Any CPU.ActiveCfg = Release|Any CPU
		{C4804D1A-030C-4026-A57B-BF96D2A83255}.Release|Any CPU.Build.0 = Release|Any CPU
		{F33967D0-4083-4A33-8199-0DE32E842989}.Debug|Any CPU.ActiveCfg = Debug|Any CPU
		{F33967D0-4083-4A33-8199-0DE32E842989}.Debug|Any CPU.Build.0 = Debug|Any CPU
		{F33967D0-4083-4A33-8199-0DE32E842989}.Release|Any CPU.ActiveCfg = Release|Any CPU
		{F33967D0-4083-4A33-8199-0DE32E842989}.Release|Any CPU.Build.0 = Release|Any CPU
	EndGlobalSection
	GlobalSection(SolutionProperties) = preSolution
		HideSolutionNode = FALSE
	EndGlobalSection
	GlobalSection(ExtensibilityGlobals) = postSolution
		SolutionGuid = {1E2D3FFC-FFBF-4CF1-B899-5E35A610FB43}
	EndGlobalSection
EndGlobal
